
Microsoft Visual Studio Solution File, Format Version 12.00
# Visual Studio Version 17
VisualStudioVersion = 17.3.32929.385
MinimumVisualStudioVersion = 10.0.40219.1
Project("{FAE04EC0-301F-11D3-BF4B-00C04F79EFBC}") = "RevitAPITrainingCreateModel", "RevitAPITrainingCreateModel\RevitAPITrainingCreateModel.csproj", "{AC03A119-F729-4269-8F56-6770F57319E0}"
EndProject
Global
	GlobalSection(SolutionConfigurationPlatforms) = preSolution
		Debug|Any CPU = Debug|Any CPU
		Release|Any CPU = Release|Any CPU
	EndGlobalSection
	GlobalSection(ProjectConfigurationPlatforms) = postSolution
		{AC03A119-F729-4269-8F56-6770F57319E0}.Debug|Any CPU.ActiveCfg = Debug|Any CPU
		{AC03A119-F729-4269-8F56-6770F57319E0}.Debug|Any CPU.Build.0 = Debug|Any CPU
		{AC03A119-F729-4269-8F56-6770F57319E0}.Release|Any CPU.ActiveCfg = Release|Any CPU
		{AC03A119-F729-4269-8F56-6770F57319E0}.Release|Any CPU.Build.0 = Release|Any CPU
	EndGlobalSection
	GlobalSection(SolutionProperties) = preSolution
		HideSolutionNode = FALSE
	EndGlobalSection
	GlobalSection(ExtensibilityGlobals) = postSolution
		SolutionGuid = {9161A1B6-7B29-425E-8ED2-55004092C510}
	EndGlobalSection
EndGlobal
